
Microsoft Visual Studio Solution File, Format Version 12.00
# Visual Studio 2013
VisualStudioVersion = 12.0.40629.0
MinimumVisualStudioVersion = 10.0.40219.1
Project("{FAE04EC0-301F-11D3-BF4B-00C04F79EFBC}") = "PaymentProcessor", "PaymentProcessor\PaymentProcessor.csproj", "{FC624557-8BBC-4130-B2EA-896AAA75A55F}"
EndProject
Project("{FAE04EC0-301F-11D3-BF4B-00C04F79EFBC}") = "AIM Example", "AIM Example\AIM Example.csproj", "{5D8BC247-6463-4BD5-92AA-8F14B177367A}"
EndProject
Project("{FAE04EC0-301F-11D3-BF4B-00C04F79EFBC}") = "PaymentProcessor.Web.Applications", "PaymentProcessor.Web.Applications\PaymentProcessor.Web.Applications.csproj", "{F727A11A-CCBA-4D0F-B619-CAAEC43865F9}"
EndProject
Project("{FAE04EC0-301F-11D3-BF4B-00C04F79EFBC}") = "ssch.tools", "Tools\ssch.tools.csproj", "{FFEDFFC2-0F9F-4880-9D31-0A2E3F60017D}"
EndProject
Project("{FAE04EC0-301F-11D3-BF4B-00C04F79EFBC}") = "ExcellaLite", "ExcellaLite\ExcellaLite.csproj", "{B6F4EEBA-74E1-4576-B25B-EDB80EA54A34}"
EndProject
Project("{FAE04EC0-301F-11D3-BF4B-00C04F79EFBC}") = "Egiving", "Egiving\Egiving.csproj", "{2ECE1B2D-762C-48CE-9BAB-09EE89B475C4}"
EndProject
Project("{FAE04EC0-301F-11D3-BF4B-00C04F79EFBC}") = "WTE.Communication", "..\..\Common\WTE_Communication\WTE.Communication\WTE.Communication.csproj", "{2091171D-C807-4664-883F-CC0FC59C602A}"
EndProject
Global
	GlobalSection(SolutionConfigurationPlatforms) = preSolution
		Debug|Any CPU = Debug|Any CPU
		Debug|Mixed Platforms = Debug|Mixed Platforms
		Debug|x86 = Debug|x86
		Release|Any CPU = Release|Any CPU
		Release|Mixed Platforms = Release|Mixed Platforms
		Release|x86 = Release|x86
	EndGlobalSection
	GlobalSection(ProjectConfigurationPlatforms) = postSolution
		{FC624557-8BBC-4130-B2EA-896AAA75A55F}.Debug|Any CPU.ActiveCfg = Debug|Any CPU
		{FC624557-8BBC-4130-B2EA-896AAA75A55F}.Debug|Any CPU.Build.0 = Debug|Any CPU
		{FC624557-8BBC-4130-B2EA-896AAA75A55F}.Debug|Mixed Platforms.ActiveCfg = Debug|Any CPU
		{FC624557-8BBC-4130-B2EA-896AAA75A55F}.Debug|Mixed Platforms.Build.0 = Debug|Any CPU
		{FC624557-8BBC-4130-B2EA-896AAA75A55F}.Debug|x86.ActiveCfg = Debug|Any CPU
		{FC624557-8BBC-4130-B2EA-896AAA75A55F}.Release|Any CPU.ActiveCfg = Release|Any CPU
		{FC624557-8BBC-4130-B2EA-896AAA75A55F}.Release|Any CPU.Build.0 = Release|Any CPU
		{FC624557-8BBC-4130-B2EA-896AAA75A55F}.Release|Mixed Platforms.ActiveCfg = Release|Any CPU
		{FC624557-8BBC-4130-B2EA-896AAA75A55F}.Release|Mixed Platforms.Build.0 = Release|Any CPU
		{FC624557-8BBC-4130-B2EA-896AAA75A55F}.Release|x86.ActiveCfg = Release|Any CPU
		{5D8BC247-6463-4BD5-92AA-8F14B177367A}.Debug|Any CPU.ActiveCfg = Debug|Any CPU
		{5D8BC247-6463-4BD5-92AA-8F14B177367A}.Debug|Any CPU.Build.0 = Debug|Any CPU
		{5D8BC247-6463-4BD5-92AA-8F14B177367A}.Debug|Mixed Platforms.ActiveCfg = Debug|Any CPU
		{5D8BC247-6463-4BD5-92AA-8F14B177367A}.Debug|Mixed Platforms.Build.0 = Debug|Any CPU
		{5D8BC247-6463-4BD5-92AA-8F14B177367A}.Debug|x86.ActiveCfg = Debug|Any CPU
		{5D8BC247-6463-4BD5-92AA-8F14B177367A}.Release|Any CPU.ActiveCfg = Release|Any CPU
		{5D8BC247-6463-4BD5-92AA-8F14B177367A}.Release|Any CPU.Build.0 = Release|Any CPU
		{5D8BC247-6463-4BD5-92AA-8F14B177367A}.Release|Mixed Platforms.ActiveCfg = Release|Any CPU
		{5D8BC247-6463-4BD5-92AA-8F14B177367A}.Release|Mixed Platforms.Build.0 = Release|Any CPU
		{5D8BC247-6463-4BD5-92AA-8F14B177367A}.Release|x86.ActiveCfg = Release|Any CPU
		{F727A11A-CCBA-4D0F-B619-CAAEC43865F9}.Debug|Any CPU.ActiveCfg = Debug|Any CPU
		{F727A11A-CCBA-4D0F-B619-CAAEC43865F9}.Debug|Any CPU.Build.0 = Debug|Any CPU
		{F727A11A-CCBA-4D0F-B619-CAAEC43865F9}.Debug|Mixed Platforms.ActiveCfg = Debug|Any CPU
		{F727A11A-CCBA-4D0F-B619-CAAEC43865F9}.Debug|Mixed Platforms.Build.0 = Debug|Any CPU
		{F727A11A-CCBA-4D0F-B619-CAAEC43865F9}.Debug|x86.ActiveCfg = Debug|Any CPU
		{F727A11A-CCBA-4D0F-B619-CAAEC43865F9}.Release|Any CPU.ActiveCfg = Release|Any CPU
		{F727A11A-CCBA-4D0F-B619-CAAEC43865F9}.Release|Any CPU.Build.0 = Release|Any CPU
		{F727A11A-CCBA-4D0F-B619-CAAEC43865F9}.Release|Mixed Platforms.ActiveCfg = Release|Any CPU
		{F727A11A-CCBA-4D0F-B619-CAAEC43865F9}.Release|Mixed Platforms.Build.0 = Release|Any CPU
		{F727A11A-CCBA-4D0F-B619-CAAEC43865F9}.Release|x86.ActiveCfg = Release|Any CPU
		{FFEDFFC2-0F9F-4880-9D31-0A2E3F60017D}.Debug|Any CPU.ActiveCfg = Debug|x86
		{FFEDFFC2-0F9F-4880-9D31-0A2E3F60017D}.Debug|Mixed Platforms.ActiveCfg = Debug|x86
		{FFEDFFC2-0F9F-4880-9D31-0A2E3F60017D}.Debug|Mixed Platforms.Build.0 = Debug|x86
		{FFEDFFC2-0F9F-4880-9D31-0A2E3F60017D}.Debug|x86.ActiveCfg = Debug|x86
		{FFEDFFC2-0F9F-4880-9D31-0A2E3F60017D}.Debug|x86.Build.0 = Debug|x86
		{FFEDFFC2-0F9F-4880-9D31-0A2E3F60017D}.Release|Any CPU.ActiveCfg = Release|x86
		{FFEDFFC2-0F9F-4880-9D31-0A2E3F60017D}.Release|Mixed Platforms.ActiveCfg = Release|x86
		{FFEDFFC2-0F9F-4880-9D31-0A2E3F60017D}.Release|Mixed Platforms.Build.0 = Release|x86
		{FFEDFFC2-0F9F-4880-9D31-0A2E3F60017D}.Release|x86.ActiveCfg = Release|x86
		{FFEDFFC2-0F9F-4880-9D31-0A2E3F60017D}.Release|x86.Build.0 = Release|x86
		{B6F4EEBA-74E1-4576-B25B-EDB80EA54A34}.Debug|Any CPU.ActiveCfg = Debug|Any CPU
		{B6F4EEBA-74E1-4576-B25B-EDB80EA54A34}.Debug|Any CPU.Build.0 = Debug|Any CPU
		{B6F4EEBA-74E1-4576-B25B-EDB80EA54A34}.Debug|Mixed Platforms.ActiveCfg = Debug|Any CPU
		{B6F4EEBA-74E1-4576-B25B-EDB80EA54A34}.Debug|Mixed Platforms.Build.0 = Debug|Any CPU
		{B6F4EEBA-74E1-4576-B25B-EDB80EA54A34}.Debug|x86.ActiveCfg = Debug|Any CPU
		{B6F4EEBA-74E1-4576-B25B-EDB80EA54A34}.Release|Any CPU.ActiveCfg = Release|Any CPU
		{B6F4EEBA-74E1-4576-B25B-EDB80EA54A34}.Release|Any CPU.Build.0 = Release|Any CPU
		{B6F4EEBA-74E1-4576-B25B-EDB80EA54A34}.Release|Mixed Platforms.ActiveCfg = Release|Any CPU
		{B6F4EEBA-74E1-4576-B25B-EDB80EA54A34}.Release|Mixed Platforms.Build.0 = Release|Any CPU
		{B6F4EEBA-74E1-4576-B25B-EDB80EA54A34}.Release|x86.ActiveCfg = Release|Any CPU
		{2ECE1B2D-762C-48CE-9BAB-09EE89B475C4}.Debug|Any CPU.ActiveCfg = Debug|Any CPU
		{2ECE1B2D-762C-48CE-9BAB-09EE89B475C4}.Debug|Any CPU.Build.0 = Debug|Any CPU
		{2ECE1B2D-762C-48CE-9BAB-09EE89B475C4}.Debug|Mixed Platforms.ActiveCfg = Debug|Any CPU
		{2ECE1B2D-762C-48CE-9BAB-09EE89B475C4}.Debug|Mixed Platforms.Build.0 = Debug|Any CPU
		{2ECE1B2D-762C-48CE-9BAB-09EE89B475C4}.Debug|x86.ActiveCfg = Debug|Any CPU
		{2ECE1B2D-762C-48CE-9BAB-09EE89B475C4}.Release|Any CPU.ActiveCfg = Release|Any CPU
		{2ECE1B2D-762C-48CE-9BAB-09EE89B475C4}.Release|Any CPU.Build.0 = Release|Any CPU
		{2ECE1B2D-762C-48CE-9BAB-09EE89B475C4}.Release|Mixed Platforms.ActiveCfg = Release|Any CPU
		{2ECE1B2D-762C-48CE-9BAB-09EE89B475C4}.Release|Mixed Platforms.Build.0 = Release|Any CPU
		{2ECE1B2D-762C-48CE-9BAB-09EE89B475C4}.Release|x86.ActiveCfg = Release|Any CPU
		{2091171D-C807-4664-883F-CC0FC59C602A}.Debug|Any CPU.ActiveCfg = Debug|Any CPU
		{2091171D-C807-4664-883F-CC0FC59C602A}.Debug|Any CPU.Build.0 = Debug|Any CPU
		{2091171D-C807-4664-883F-CC0FC59C602A}.Debug|Mixed Platforms.ActiveCfg = Debug|Any CPU
		{2091171D-C807-4664-883F-CC0FC59C602A}.Debug|Mixed Platforms.Build.0 = Debug|Any CPU
		{2091171D-C807-4664-883F-CC0FC59C602A}.Debug|x86.ActiveCfg = Debug|Any CPU
		{2091171D-C807-4664-883F-CC0FC59C602A}.Release|Any CPU.ActiveCfg = Release|Any CPU
		{2091171D-C807-4664-883F-CC0FC59C602A}.Release|Any CPU.Build.0 = Release|Any CPU
		{2091171D-C807-4664-883F-CC0FC59C602A}.Release|Mixed Platforms.ActiveCfg = Release|Any CPU
		{2091171D-C807-4664-883F-CC0FC59C602A}.Release|Mixed Platforms.Build.0 = Release|Any CPU
		{2091171D-C807-4664-883F-CC0FC59C602A}.Release|x86.ActiveCfg = Release|Any CPU
	EndGlobalSection
	GlobalSection(SolutionProperties) = preSolution
		HideSolutionNode = FALSE
	EndGlobalSection
EndGlobal
