
Microsoft Visual Studio Solution File, Format Version 12.00
# Visual Studio 2013
VisualStudioVersion = 12.0.30501.0
MinimumVisualStudioVersion = 10.0.40219.1
Project("{FAE04EC0-301F-11D3-BF4B-00C04F79EFBC}") = "CommunicationTest", "..\CommunicationTest\CommunicationTest.csproj", "{96812807-C6EC-42AB-8AAF-B077B7C7453D}"
	GlobalSection(PerforceSourceControlProviderSolutionProperties) = preSolution
		SolutionIsControlled = True
	EndGlobalSection
EndProject
Project("{FAE04EC0-301F-11D3-BF4B-00C04F79EFBC}") = "WTE.Communication", "..\WTE.Communication\WTE.Communication.csproj", "{2091171D-C807-4664-883F-CC0FC59C602A}"
	GlobalSection(PerforceSourceControlProviderSolutionProperties) = preSolution
		SolutionIsControlled = True
	EndGlobalSection
EndProject
Global
	GlobalSection(PerforceSourceControlProviderSolutionProperties) = preSolution
		SolutionIsControlled = True
	EndGlobalSection
	GlobalSection(SolutionConfigurationPlatforms) = preSolution
		Debug|Any CPU = Debug|Any CPU
		Debug|Mixed Platforms = Debug|Mixed Platforms
		Debug|x86 = Debug|x86
		Release|Any CPU = Release|Any CPU
		Release|Mixed Platforms = Release|Mixed Platforms
		Release|x86 = Release|x86
	EndGlobalSection
	GlobalSection(ProjectConfigurationPlatforms) = postSolution
		{96812807-C6EC-42AB-8AAF-B077B7C7453D}.Debug|Any CPU.ActiveCfg = Debug|x86
		{96812807-C6EC-42AB-8AAF-B077B7C7453D}.Debug|Mixed Platforms.ActiveCfg = Debug|x86
		{96812807-C6EC-42AB-8AAF-B077B7C7453D}.Debug|Mixed Platforms.Build.0 = Debug|x86
		{96812807-C6EC-42AB-8AAF-B077B7C7453D}.Debug|x86.ActiveCfg = Debug|x86
		{96812807-C6EC-42AB-8AAF-B077B7C7453D}.Debug|x86.Build.0 = Debug|x86
		{96812807-C6EC-42AB-8AAF-B077B7C7453D}.Release|Any CPU.ActiveCfg = Release|x86
		{96812807-C6EC-42AB-8AAF-B077B7C7453D}.Release|Mixed Platforms.ActiveCfg = Release|x86
		{96812807-C6EC-42AB-8AAF-B077B7C7453D}.Release|Mixed Platforms.Build.0 = Release|x86
		{96812807-C6EC-42AB-8AAF-B077B7C7453D}.Release|x86.ActiveCfg = Release|x86
		{96812807-C6EC-42AB-8AAF-B077B7C7453D}.Release|x86.Build.0 = Release|x86
		{2091171D-C807-4664-883F-CC0FC59C602A}.Debug|Any CPU.ActiveCfg = Debug|Any CPU
		{2091171D-C807-4664-883F-CC0FC59C602A}.Debug|Any CPU.Build.0 = Debug|Any CPU
		{2091171D-C807-4664-883F-CC0FC59C602A}.Debug|Mixed Platforms.ActiveCfg = Debug|Any CPU
		{2091171D-C807-4664-883F-CC0FC59C602A}.Debug|Mixed Platforms.Build.0 = Debug|Any CPU
		{2091171D-C807-4664-883F-CC0FC59C602A}.Debug|x86.ActiveCfg = Debug|Any CPU
		{2091171D-C807-4664-883F-CC0FC59C602A}.Release|Any CPU.ActiveCfg = Release|Any CPU
		{2091171D-C807-4664-883F-CC0FC59C602A}.Release|Any CPU.Build.0 = Release|Any CPU
		{2091171D-C807-4664-883F-CC0FC59C602A}.Release|Mixed Platforms.ActiveCfg = Release|Any CPU
		{2091171D-C807-4664-883F-CC0FC59C602A}.Release|Mixed Platforms.Build.0 = Release|Any CPU
		{2091171D-C807-4664-883F-CC0FC59C602A}.Release|x86.ActiveCfg = Release|Any CPU
	EndGlobalSection
	GlobalSection(SolutionProperties) = preSolution
		HideSolutionNode = FALSE
	EndGlobalSection
	GlobalSection(VaultVsipSolution-v2) = preSolution
		VaultHost = http://69.166.143.29/VaultService
		VaultRepositoryID = 15
		VaultRepositoryGUID = 9a8d70e8-98eb-4c3d-aa43-fa2b395f8dc4
		ProjectCount = 0
	EndGlobalSection
EndGlobal
