
Microsoft Visual Studio Solution File, Format Version 12.00
# Visual Studio 2013
VisualStudioVersion = 12.0.30501.0
MinimumVisualStudioVersion = 10.0.40219.1
Project("{FAE04EC0-301F-11D3-BF4B-00C04F79EFBC}") = "WTEDB", "..\WTEDB\WTEDB.csproj", "{17BB3AFB-554B-44E3-8D54-88426C0FABD3}"
	GlobalSection(PerforceSourceControlProviderSolutionProperties) = preSolution
		SolutionIsControlled = True
	EndGlobalSection
EndProject
Global
	GlobalSection(PerforceSourceControlProviderSolutionProperties) = preSolution
		SolutionIsControlled = True
	EndGlobalSection
	GlobalSection(SolutionConfigurationPlatforms) = preSolution
		Debug|Any CPU = Debug|Any CPU
		Release|Any CPU = Release|Any CPU
	EndGlobalSection
	GlobalSection(ProjectConfigurationPlatforms) = postSolution
		{17BB3AFB-554B-44E3-8D54-88426C0FABD3}.Debug|Any CPU.ActiveCfg = Debug|Any CPU
		{17BB3AFB-554B-44E3-8D54-88426C0FABD3}.Debug|Any CPU.Build.0 = Debug|Any CPU
		{17BB3AFB-554B-44E3-8D54-88426C0FABD3}.Release|Any CPU.ActiveCfg = Release|Any CPU
		{17BB3AFB-554B-44E3-8D54-88426C0FABD3}.Release|Any CPU.Build.0 = Release|Any CPU
	EndGlobalSection
	GlobalSection(SolutionProperties) = preSolution
		HideSolutionNode = FALSE
	EndGlobalSection
EndGlobal
